
Microsoft Visual Studio Solution File, Format Version 12.00
# Visual Studio Version 16
VisualStudioVersion = 16.0.35026.282
MinimumVisualStudioVersion = 10.0.40219.1
Project("{FAE04EC0-301F-11D3-BF4B-00C04F79EFBC}") = "myapp2", "myapp2\myapp2.csproj", "{39D7A507-C386-4266-9EB6-463D0F5D187A}"
EndProject
Global
	GlobalSection(SolutionConfigurationPlatforms) = preSolution
		Debug|Any CPU = Debug|Any CPU
		Release|Any CPU = Release|Any CPU
	EndGlobalSection
	GlobalSection(ProjectConfigurationPlatforms) = postSolution
		{39D7A507-C386-4266-9EB6-463D0F5D187A}.Debug|Any CPU.ActiveCfg = Debug|Any CPU
		{39D7A507-C386-4266-9EB6-463D0F5D187A}.Debug|Any CPU.Build.0 = Debug|Any CPU
		{39D7A507-C386-4266-9EB6-463D0F5D187A}.Release|Any CPU.ActiveCfg = Release|Any CPU
		{39D7A507-C386-4266-9EB6-463D0F5D187A}.Release|Any CPU.Build.0 = Release|Any CPU
	EndGlobalSection
	GlobalSection(SolutionProperties) = preSolution
		HideSolutionNode = FALSE
	EndGlobalSection
	GlobalSection(ExtensibilityGlobals) = postSolution
		SolutionGuid = {CEC9456F-8B5B-4A9F-957B-533B69D42D65}
	EndGlobalSection
EndGlobal
