
Microsoft Visual Studio Solution File, Format Version 12.00
# Visual Studio Version 17
VisualStudioVersion = 17.12.35707.178 d17.12
MinimumVisualStudioVersion = 10.0.40219.1
Project("{FAE04EC0-301F-11D3-BF4B-00C04F79EFBC}") = "Test1", "Test1\Test1.csproj", "{ECC0BA77-300C-4918-BB35-73B5689B14AF}"
EndProject
Global
	GlobalSection(SolutionConfigurationPlatforms) = preSolution
		Debug|Any CPU = Debug|Any CPU
		Release|Any CPU = Release|Any CPU
	EndGlobalSection
	GlobalSection(ProjectConfigurationPlatforms) = postSolution
		{ECC0BA77-300C-4918-BB35-73B5689B14AF}.Debug|Any CPU.ActiveCfg = Debug|Any CPU
		{ECC0BA77-300C-4918-BB35-73B5689B14AF}.Debug|Any CPU.Build.0 = Debug|Any CPU
		{ECC0BA77-300C-4918-BB35-73B5689B14AF}.Release|Any CPU.ActiveCfg = Release|Any CPU
		{ECC0BA77-300C-4918-BB35-73B5689B14AF}.Release|Any CPU.Build.0 = Release|Any CPU
	EndGlobalSection
	GlobalSection(SolutionProperties) = preSolution
		HideSolutionNode = FALSE
	EndGlobalSection
EndGlobal
