
Microsoft Visual Studio Solution File, Format Version 12.00
# Visual Studio Version 16
VisualStudioVersion = 16.0.35026.282
MinimumVisualStudioVersion = 10.0.40219.1
Project("{FAE04EC0-301F-11D3-BF4B-00C04F79EFBC}") = "Ifelse", "Ifelse\Ifelse.csproj", "{CFB6718E-A842-4E29-8A40-F1277467F41C}"
EndProject
Global
	GlobalSection(SolutionConfigurationPlatforms) = preSolution
		Debug|Any CPU = Debug|Any CPU
		Release|Any CPU = Release|Any CPU
	EndGlobalSection
	GlobalSection(ProjectConfigurationPlatforms) = postSolution
		{CFB6718E-A842-4E29-8A40-F1277467F41C}.Debug|Any CPU.ActiveCfg = Debug|Any CPU
		{CFB6718E-A842-4E29-8A40-F1277467F41C}.Debug|Any CPU.Build.0 = Debug|Any CPU
		{CFB6718E-A842-4E29-8A40-F1277467F41C}.Release|Any CPU.ActiveCfg = Release|Any CPU
		{CFB6718E-A842-4E29-8A40-F1277467F41C}.Release|Any CPU.Build.0 = Release|Any CPU
	EndGlobalSection
	GlobalSection(SolutionProperties) = preSolution
		HideSolutionNode = FALSE
	EndGlobalSection
	GlobalSection(ExtensibilityGlobals) = postSolution
		SolutionGuid = {589C69A9-17A9-413B-B2B3-D7844AC79AB9}
	EndGlobalSection
EndGlobal
