
Microsoft Visual Studio Solution File, Format Version 12.00
# Visual Studio Version 16
VisualStudioVersion = 16.0.35026.282
MinimumVisualStudioVersion = 10.0.40219.1
Project("{FAE04EC0-301F-11D3-BF4B-00C04F79EFBC}") = "ExtensionMethodExample", "ExtensionMethodExample\ExtensionMethodExample.csproj", "{771A3314-88FA-40C4-BDEC-DC7E455B1DDD}"
EndProject
Global
	GlobalSection(SolutionConfigurationPlatforms) = preSolution
		Debug|Any CPU = Debug|Any CPU
		Release|Any CPU = Release|Any CPU
	EndGlobalSection
	GlobalSection(ProjectConfigurationPlatforms) = postSolution
		{771A3314-88FA-40C4-BDEC-DC7E455B1DDD}.Debug|Any CPU.ActiveCfg = Debug|Any CPU
		{771A3314-88FA-40C4-BDEC-DC7E455B1DDD}.Debug|Any CPU.Build.0 = Debug|Any CPU
		{771A3314-88FA-40C4-BDEC-DC7E455B1DDD}.Release|Any CPU.ActiveCfg = Release|Any CPU
		{771A3314-88FA-40C4-BDEC-DC7E455B1DDD}.Release|Any CPU.Build.0 = Release|Any CPU
	EndGlobalSection
	GlobalSection(SolutionProperties) = preSolution
		HideSolutionNode = FALSE
	EndGlobalSection
	GlobalSection(ExtensibilityGlobals) = postSolution
		SolutionGuid = {42DA52DE-304B-4CCE-A161-71386D7AEEDC}
	EndGlobalSection
EndGlobal
