
Microsoft Visual Studio Solution File, Format Version 12.00
# Visual Studio Version 16
VisualStudioVersion = 16.0.35026.282
MinimumVisualStudioVersion = 10.0.40219.1
Project("{FAE04EC0-301F-11D3-BF4B-00C04F79EFBC}") = "Singletonclass", "Singletonclass\Singletonclass.csproj", "{1F5EB6FA-014F-4C28-ADB6-D59953152E8F}"
EndProject
Global
	GlobalSection(SolutionConfigurationPlatforms) = preSolution
		Debug|Any CPU = Debug|Any CPU
		Release|Any CPU = Release|Any CPU
	EndGlobalSection
	GlobalSection(ProjectConfigurationPlatforms) = postSolution
		{1F5EB6FA-014F-4C28-ADB6-D59953152E8F}.Debug|Any CPU.ActiveCfg = Debug|Any CPU
		{1F5EB6FA-014F-4C28-ADB6-D59953152E8F}.Debug|Any CPU.Build.0 = Debug|Any CPU
		{1F5EB6FA-014F-4C28-ADB6-D59953152E8F}.Release|Any CPU.ActiveCfg = Release|Any CPU
		{1F5EB6FA-014F-4C28-ADB6-D59953152E8F}.Release|Any CPU.Build.0 = Release|Any CPU
	EndGlobalSection
	GlobalSection(SolutionProperties) = preSolution
		HideSolutionNode = FALSE
	EndGlobalSection
	GlobalSection(ExtensibilityGlobals) = postSolution
		SolutionGuid = {54004849-DE24-4B80-BA2E-DC5619D83332}
	EndGlobalSection
EndGlobal
